
Microsoft Visual Studio Solution File, Format Version 12.00
# Visual Studio Version 16
VisualStudioVersion = 16.0.30907.101
MinimumVisualStudioVersion = 10.0.40219.1
Project("{9A19103F-16F7-4668-BE54-9A1E7A4F7556}") = "Zeats.Azure.Storage.Tables", "Zeats.Azure.Storage.Tables\Zeats.Azure.Storage.Tables.csproj", "{F057EB4B-7B2A-4273-80FF-55C5048BF458}"
EndProject
Project("{9A19103F-16F7-4668-BE54-9A1E7A4F7556}") = "Zeats.Azure.Storage.Tables.UnitTest", "Zeats.Azure.Storage.Tables.UnitTest\Zeats.Azure.Storage.Tables.UnitTest.csproj", "{1986B43D-1B07-4377-8B4B-3A169BD75896}"
EndProject
Project("{2150E333-8FDC-42A3-9474-1A3956D46DE8}") = ".devops", ".devops", "{ACBCC9EC-7A07-4BB7-9224-D1FDEE04FC62}"
	ProjectSection(SolutionItems) = preProject
		azure-pipelines.yml = azure-pipelines.yml
	EndProjectSection
EndProject
Global
	GlobalSection(SolutionConfigurationPlatforms) = preSolution
		Debug|Any CPU = Debug|Any CPU
		Release|Any CPU = Release|Any CPU
	EndGlobalSection
	GlobalSection(ProjectConfigurationPlatforms) = postSolution
		{F057EB4B-7B2A-4273-80FF-55C5048BF458}.Debug|Any CPU.ActiveCfg = Debug|Any CPU
		{F057EB4B-7B2A-4273-80FF-55C5048BF458}.Debug|Any CPU.Build.0 = Debug|Any CPU
		{F057EB4B-7B2A-4273-80FF-55C5048BF458}.Release|Any CPU.ActiveCfg = Release|Any CPU
		{F057EB4B-7B2A-4273-80FF-55C5048BF458}.Release|Any CPU.Build.0 = Release|Any CPU
		{1986B43D-1B07-4377-8B4B-3A169BD75896}.Debug|Any CPU.ActiveCfg = Debug|Any CPU
		{1986B43D-1B07-4377-8B4B-3A169BD75896}.Debug|Any CPU.Build.0 = Debug|Any CPU
		{1986B43D-1B07-4377-8B4B-3A169BD75896}.Release|Any CPU.ActiveCfg = Release|Any CPU
		{1986B43D-1B07-4377-8B4B-3A169BD75896}.Release|Any CPU.Build.0 = Release|Any CPU
	EndGlobalSection
	GlobalSection(SolutionProperties) = preSolution
		HideSolutionNode = FALSE
	EndGlobalSection
	GlobalSection(ExtensibilityGlobals) = postSolution
		SolutionGuid = {6E30F9F6-9E3C-46A0-AC62-6C81CC73064E}
	EndGlobalSection
EndGlobal
